// !$*UTF8*$!
{
	archiveVersion = 1;
	classes = {
	};
	objectVersion = 46;
	objects = {

/* Begin PBXBuildFile section */
		D3C17B3C1905AE8700385C0E /* Foundation.framework in Frameworks */ = {isa = PBXBuildFile; fileRef = D3C17B3B1905AE8700385C0E /* Foundation.framework */; };
		D3C17B3E1905AE8700385C0E /* CoreGraphics.framework in Frameworks */ = {isa = PBXBuildFile; fileRef = D3C17B3D1905AE8700385C0E /* CoreGraphics.framework */; };
		D3C17B401905AE8700385C0E /* UIKit.framework in Frameworks */ = {isa = PBXBuildFile; fileRef = D3C17B3F1905AE8700385C0E /* UIKit.framework */; };
		D3C17B461905AE8700385C0E /* InfoPlist.strings in Resources */ = {isa = PBXBuildFile; fileRef = D3C17B441905AE8700385C0E /* InfoPlist.strings */; };
		D3C17B481905AE8700385C0E /* main.m in Sources */ = {isa = PBXBuildFile; fileRef = D3C17B471905AE8700385C0E /* main.m */; };
		D3C17B4C1905AE8700385C0E /* FMAppDelegate.m in Sources */ = {isa = PBXBuildFile; fileRef = D3C17B4B1905AE8700385C0E /* FMAppDelegate.m */; };
		D3C17B4F1905AE8700385C0E /* Main.storyboard in Resources */ = {isa = PBXBuildFile; fileRef = D3C17B4D1905AE8700385C0E /* Main.storyboard */; };
		D3C17B521905AE8700385C0E /* FMViewController.m in Sources */ = {isa = PBXBuildFile; fileRef = D3C17B511905AE8700385C0E /* FMViewController.m */; };
		D3C17B541905AE8700385C0E /* Images.xcassets in Resources */ = {isa = PBXBuildFile; fileRef = D3C17B531905AE8700385C0E /* Images.xcassets */; };
		D3C17B5B1905AE8700385C0E /* XCTest.framework in Frameworks */ = {isa = PBXBuildFile; fileRef = D3C17B5A1905AE8700385C0E /* XCTest.framework */; };
		D3C17B5C1905AE8700385C0E /* Foundation.framework in Frameworks */ = {isa = PBXBuildFile; fileRef = D3C17B3B1905AE8700385C0E /* Foundation.framework */; };
		D3C17B5D1905AE8700385C0E /* UIKit.framework in Frameworks */ = {isa = PBXBuildFile; fileRef = D3C17B3F1905AE8700385C0E /* UIKit.framework */; };
		D3C17B651905AE8700385C0E /* InfoPlist.strings in Resources */ = {isa = PBXBuildFile; fileRef = D3C17B631905AE8700385C0E /* InfoPlist.strings */; };
		D3C17B671905AE8700385C0E /* Grocery_DudeTests.m in Sources */ = {isa = PBXBuildFile; fileRef = D3C17B661905AE8700385C0E /* Grocery_DudeTests.m */; };
		D3C17B711905B0DE00385C0E /* CoreData.framework in Frameworks */ = {isa = PBXBuildFile; fileRef = D3C17B701905B0DE00385C0E /* CoreData.framework */; };
		D3C17B751905B17200385C0E /* CoreDataHelper.m in Sources */ = {isa = PBXBuildFile; fileRef = D3C17B741905B17200385C0E /* CoreDataHelper.m */; };
		D3F402291906932300EF9879 /* Model.xcdatamodeld in Sources */ = {isa = PBXBuildFile; fileRef = D3F402271906932300EF9879 /* Model.xcdatamodeld */; };
		D3F402301906EF2500EF9879 /* Measurement.m in Sources */ = {isa = PBXBuildFile; fileRef = D3F4022F1906EF2500EF9879 /* Measurement.m */; };
		D3F402341906F40100EF9879 /* Amount.m in Sources */ = {isa = PBXBuildFile; fileRef = D3F402331906F40100EF9879 /* Amount.m */; };
		D3F402361906F49900EF9879 /* Model2toModel3.xcmappingmodel in Sources */ = {isa = PBXBuildFile; fileRef = D3F402351906F49900EF9879 /* Model2toModel3.xcmappingmodel */; };
		D3F4023A1906F90200EF9879 /* FMMigrationViewController.m in Sources */ = {isa = PBXBuildFile; fileRef = D3F402391906F90200EF9879 /* FMMigrationViewController.m */; };
		D3F402401907098C00EF9879 /* Model3toModel4.xcmappingmodel in Sources */ = {isa = PBXBuildFile; fileRef = D3F4023F1907098C00EF9879 /* Model3toModel4.xcmappingmodel */; };
		D3F4027919083A3C00EF9879 /* Item.m in Sources */ = {isa = PBXBuildFile; fileRef = D3F4027819083A3C00EF9879 /* Item.m */; };
		D3F4027C19083A3C00EF9879 /* Unit.m in Sources */ = {isa = PBXBuildFile; fileRef = D3F4027B19083A3C00EF9879 /* Unit.m */; };
		D3F4027F19083A3C00EF9879 /* LocationAtHome.m in Sources */ = {isa = PBXBuildFile; fileRef = D3F4027E19083A3C00EF9879 /* LocationAtHome.m */; };
		D3F4028219083A3C00EF9879 /* LocationAtShop.m in Sources */ = {isa = PBXBuildFile; fileRef = D3F4028119083A3C00EF9879 /* LocationAtShop.m */; };
		D3F4028519083A3C00EF9879 /* Location.m in Sources */ = {isa = PBXBuildFile; fileRef = D3F4028419083A3C00EF9879 /* Location.m */; };
		D3F4028B19083D2600EF9879 /* CoreDataTableViewController.m in Sources */ = {isa = PBXBuildFile; fileRef = D3F4028A19083D2600EF9879 /* CoreDataTableViewController.m */; };
		D3F4028F190850BC00EF9879 /* FMPrepareTableViewController.m in Sources */ = {isa = PBXBuildFile; fileRef = D3F4028E190850BC00EF9879 /* FMPrepareTableViewController.m */; };
/* End PBXBuildFile section */

/* Begin PBXContainerItemProxy section */
		D3C17B5E1905AE8700385C0E /* PBXContainerItemProxy */ = {
			isa = PBXContainerItemProxy;
			containerPortal = D3C17B301905AE8700385C0E /* Project object */;
			proxyType = 1;
			remoteGlobalIDString = D3C17B371905AE8700385C0E;
			remoteInfo = "Grocery Dude";
		};
/* End PBXContainerItemProxy section */

/* Begin PBXFileReference section */
		D3C17B381905AE8700385C0E /* Grocery Dude.app */ = {isa = PBXFileReference; explicitFileType = wrapper.application; includeInIndex = 0; path = "Grocery Dude.app"; sourceTree = BUILT_PRODUCTS_DIR; };
		D3C17B3B1905AE8700385C0E /* Foundation.framework */ = {isa = PBXFileReference; lastKnownFileType = wrapper.framework; name = Foundation.framework; path = System/Library/Frameworks/Foundation.framework; sourceTree = SDKROOT; };
		D3C17B3D1905AE8700385C0E /* CoreGraphics.framework */ = {isa = PBXFileReference; lastKnownFileType = wrapper.framework; name = CoreGraphics.framework; path = System/Library/Frameworks/CoreGraphics.framework; sourceTree = SDKROOT; };
		D3C17B3F1905AE8700385C0E /* UIKit.framework */ = {isa = PBXFileReference; lastKnownFileType = wrapper.framework; name = UIKit.framework; path = System/Library/Frameworks/UIKit.framework; sourceTree = SDKROOT; };
		D3C17B431905AE8700385C0E /* Grocery Dude-Info.plist */ = {isa = PBXFileReference; lastKnownFileType = text.plist.xml; path = "Grocery Dude-Info.plist"; sourceTree = "<group>"; };
		D3C17B451905AE8700385C0E /* en */ = {isa = PBXFileReference; lastKnownFileType = text.plist.strings; name = en; path = en.lproj/InfoPlist.strings; sourceTree = "<group>"; };
		D3C17B471905AE8700385C0E /* main.m */ = {isa = PBXFileReference; lastKnownFileType = sourcecode.c.objc; path = main.m; sourceTree = "<group>"; };
		D3C17B491905AE8700385C0E /* Grocery Dude-Prefix.pch */ = {isa = PBXFileReference; lastKnownFileType = sourcecode.c.h; path = "Grocery Dude-Prefix.pch"; sourceTree = "<group>"; };
		D3C17B4A1905AE8700385C0E /* FMAppDelegate.h */ = {isa = PBXFileReference; lastKnownFileType = sourcecode.c.h; path = FMAppDelegate.h; sourceTree = "<group>"; };
		D3C17B4B1905AE8700385C0E /* FMAppDelegate.m */ = {isa = PBXFileReference; lastKnownFileType = sourcecode.c.objc; path = FMAppDelegate.m; sourceTree = "<group>"; };
		D3C17B4E1905AE8700385C0E /* Base */ = {isa = PBXFileReference; lastKnownFileType = file.storyboard; name = Base; path = Base.lproj/Main.storyboard; sourceTree = "<group>"; };
		D3C17B501905AE8700385C0E /* FMViewController.h */ = {isa = PBXFileReference; lastKnownFileType = sourcecode.c.h; path = FMViewController.h; sourceTree = "<group>"; };
		D3C17B511905AE8700385C0E /* FMViewController.m */ = {isa = PBXFileReference; lastKnownFileType = sourcecode.c.objc; path = FMViewController.m; sourceTree = "<group>"; };
		D3C17B531905AE8700385C0E /* Images.xcassets */ = {isa = PBXFileReference; lastKnownFileType = folder.assetcatalog; path = Images.xcassets; sourceTree = "<group>"; };
		D3C17B591905AE8700385C0E /* Grocery DudeTests.xctest */ = {isa = PBXFileReference; explicitFileType = wrapper.cfbundle; includeInIndex = 0; path = "Grocery DudeTests.xctest"; sourceTree = BUILT_PRODUCTS_DIR; };
		D3C17B5A1905AE8700385C0E /* XCTest.framework */ = {isa = PBXFileReference; lastKnownFileType = wrapper.framework; name = XCTest.framework; path = Library/Frameworks/XCTest.framework; sourceTree = DEVELOPER_DIR; };
		D3C17B621905AE8700385C0E /* Grocery DudeTests-Info.plist */ = {isa = PBXFileReference; lastKnownFileType = text.plist.xml; path = "Grocery DudeTests-Info.plist"; sourceTree = "<group>"; };
		D3C17B641905AE8700385C0E /* en */ = {isa = PBXFileReference; lastKnownFileType = text.plist.strings; name = en; path = en.lproj/InfoPlist.strings; sourceTree = "<group>"; };
		D3C17B661905AE8700385C0E /* Grocery_DudeTests.m */ = {isa = PBXFileReference; lastKnownFileType = sourcecode.c.objc; path = Grocery_DudeTests.m; sourceTree = "<group>"; };
		D3C17B701905B0DE00385C0E /* CoreData.framework */ = {isa = PBXFileReference; lastKnownFileType = wrapper.framework; name = CoreData.framework; path = System/Library/Frameworks/CoreData.framework; sourceTree = SDKROOT; };
		D3C17B731905B17200385C0E /* CoreDataHelper.h */ = {isa = PBXFileReference; fileEncoding = 4; lastKnownFileType = sourcecode.c.h; path = CoreDataHelper.h; sourceTree = "<group>"; };
		D3C17B741905B17200385C0E /* CoreDataHelper.m */ = {isa = PBXFileReference; fileEncoding = 4; lastKnownFileType = sourcecode.c.objc; path = CoreDataHelper.m; sourceTree = "<group>"; };
		D3F402281906932300EF9879 /* Model.xcdatamodel */ = {isa = PBXFileReference; lastKnownFileType = wrapper.xcdatamodel; path = Model.xcdatamodel; sourceTree = "<group>"; };
		D3F4022D1906ECE900EF9879 /* Model 2.xcdatamodel */ = {isa = PBXFileReference; lastKnownFileType = wrapper.xcdatamodel; path = "Model 2.xcdatamodel"; sourceTree = "<group>"; };
		D3F4022E1906EF2500EF9879 /* Measurement.h */ = {isa = PBXFileReference; fileEncoding = 4; lastKnownFileType = sourcecode.c.h; path = Measurement.h; sourceTree = "<group>"; };
		D3F4022F1906EF2500EF9879 /* Measurement.m */ = {isa = PBXFileReference; fileEncoding = 4; lastKnownFileType = sourcecode.c.objc; path = Measurement.m; sourceTree = "<group>"; };
		D3F402311906F3AC00EF9879 /* Model 3.xcdatamodel */ = {isa = PBXFileReference; lastKnownFileType = wrapper.xcdatamodel; path = "Model 3.xcdatamodel"; sourceTree = "<group>"; };
		D3F402321906F40100EF9879 /* Amount.h */ = {isa = PBXFileReference; fileEncoding = 4; lastKnownFileType = sourcecode.c.h; path = Amount.h; sourceTree = "<group>"; };
		D3F402331906F40100EF9879 /* Amount.m */ = {isa = PBXFileReference; fileEncoding = 4; lastKnownFileType = sourcecode.c.objc; path = Amount.m; sourceTree = "<group>"; };
		D3F402351906F49900EF9879 /* Model2toModel3.xcmappingmodel */ = {isa = PBXFileReference; lastKnownFileType = wrapper.xcmappingmodel; path = Model2toModel3.xcmappingmodel; sourceTree = "<group>"; };
		D3F402381906F90200EF9879 /* FMMigrationViewController.h */ = {isa = PBXFileReference; fileEncoding = 4; lastKnownFileType = sourcecode.c.h; path = FMMigrationViewController.h; sourceTree = "<group>"; };
		D3F402391906F90200EF9879 /* FMMigrationViewController.m */ = {isa = PBXFileReference; fileEncoding = 4; lastKnownFileType = sourcecode.c.objc; path = FMMigrationViewController.m; sourceTree = "<group>"; };
		D3F4023B190708DE00EF9879 /* Model 4.xcdatamodel */ = {isa = PBXFileReference; lastKnownFileType = wrapper.xcdatamodel; path = "Model 4.xcdatamodel"; sourceTree = "<group>"; };
		D3F4023F1907098C00EF9879 /* Model3toModel4.xcmappingmodel */ = {isa = PBXFileReference; lastKnownFileType = wrapper.xcmappingmodel; path = Model3toModel4.xcmappingmodel; sourceTree = "<group>"; };
		D3F402411907E66E00EF9879 /* Model 5.xcdatamodel */ = {isa = PBXFileReference; lastKnownFileType = wrapper.xcdatamodel; path = "Model 5.xcdatamodel"; sourceTree = "<group>"; };
		D3F40249190836BA00EF9879 /* Model 6.xcdatamodel */ = {isa = PBXFileReference; lastKnownFileType = wrapper.xcdatamodel; path = "Model 6.xcdatamodel"; sourceTree = "<group>"; };
		D3F4027719083A3C00EF9879 /* Item.h */ = {isa = PBXFileReference; fileEncoding = 4; lastKnownFileType = sourcecode.c.h; path = Item.h; sourceTree = "<group>"; };
		D3F4027819083A3C00EF9879 /* Item.m */ = {isa = PBXFileReference; fileEncoding = 4; lastKnownFileType = sourcecode.c.objc; path = Item.m; sourceTree = "<group>"; };
		D3F4027A19083A3C00EF9879 /* Unit.h */ = {isa = PBXFileReference; fileEncoding = 4; lastKnownFileType = sourcecode.c.h; path = Unit.h; sourceTree = "<group>"; };
		D3F4027B19083A3C00EF9879 /* Unit.m */ = {isa = PBXFileReference; fileEncoding = 4; lastKnownFileType = sourcecode.c.objc; path = Unit.m; sourceTree = "<group>"; };
		D3F4027D19083A3C00EF9879 /* LocationAtHome.h */ = {isa = PBXFileReference; fileEncoding = 4; lastKnownFileType = sourcecode.c.h; path = LocationAtHome.h; sourceTree = "<group>"; };
		D3F4027E19083A3C00EF9879 /* LocationAtHome.m */ = {isa = PBXFileReference; fileEncoding = 4; lastKnownFileType = sourcecode.c.objc; path = LocationAtHome.m; sourceTree = "<group>"; };
		D3F4028019083A3C00EF9879 /* LocationAtShop.h */ = {isa = PBXFileReference; fileEncoding = 4; lastKnownFileType = sourcecode.c.h; path = LocationAtShop.h; sourceTree = "<group>"; };
		D3F4028119083A3C00EF9879 /* LocationAtShop.m */ = {isa = PBXFileReference; fileEncoding = 4; lastKnownFileType = sourcecode.c.objc; path = LocationAtShop.m; sourceTree = "<group>"; };
		D3F4028319083A3C00EF9879 /* Location.h */ = {isa = PBXFileReference; fileEncoding = 4; lastKnownFileType = sourcecode.c.h; path = Location.h; sourceTree = "<group>"; };
		D3F4028419083A3C00EF9879 /* Location.m */ = {isa = PBXFileReference; fileEncoding = 4; lastKnownFileType = sourcecode.c.objc; path = Location.m; sourceTree = "<group>"; };
		D3F4028919083D2600EF9879 /* CoreDataTableViewController.h */ = {isa = PBXFileReference; fileEncoding = 4; lastKnownFileType = sourcecode.c.h; path = CoreDataTableViewController.h; sourceTree = "<group>"; };
		D3F4028A19083D2600EF9879 /* CoreDataTableViewController.m */ = {isa = PBXFileReference; fileEncoding = 4; lastKnownFileType = sourcecode.c.objc; path = CoreDataTableViewController.m; sourceTree = "<group>"; };
		D3F4028D190850BC00EF9879 /* FMPrepareTableViewController.h */ = {isa = PBXFileReference; fileEncoding = 4; lastKnownFileType = sourcecode.c.h; path = FMPrepareTableViewController.h; sourceTree = "<group>"; };
		D3F4028E190850BC00EF9879 /* FMPrepareTableViewController.m */ = {isa = PBXFileReference; fileEncoding = 4; lastKnownFileType = sourcecode.c.objc; path = FMPrepareTableViewController.m; sourceTree = "<group>"; };
/* End PBXFileReference section */

/* Begin PBXFrameworksBuildPhase section */
		D3C17B351905AE8700385C0E /* Frameworks */ = {
			isa = PBXFrameworksBuildPhase;
			buildActionMask = 2147483647;
			files = (
				D3C17B711905B0DE00385C0E /* CoreData.framework in Frameworks */,
				D3C17B3E1905AE8700385C0E /* CoreGraphics.framework in Frameworks */,
				D3C17B401905AE8700385C0E /* UIKit.framework in Frameworks */,
				D3C17B3C1905AE8700385C0E /* Foundation.framework in Frameworks */,
			);
			runOnlyForDeploymentPostprocessing = 0;
		};
		D3C17B561905AE8700385C0E /* Frameworks */ = {
			isa = PBXFrameworksBuildPhase;
			buildActionMask = 2147483647;
			files = (
				D3C17B5B1905AE8700385C0E /* XCTest.framework in Frameworks */,
				D3C17B5D1905AE8700385C0E /* UIKit.framework in Frameworks */,
				D3C17B5C1905AE8700385C0E /* Foundation.framework in Frameworks */,
			);
			runOnlyForDeploymentPostprocessing = 0;
		};
/* End PBXFrameworksBuildPhase section */

/* Begin PBXGroup section */
		D3C17B2F1905AE8700385C0E = {
			isa = PBXGroup;
			children = (
				D3C17B411905AE8700385C0E /* Grocery Dude */,
				D3C17B601905AE8700385C0E /* Grocery DudeTests */,
				D3C17B3A1905AE8700385C0E /* Frameworks */,
				D3C17B391905AE8700385C0E /* Products */,
			);
			sourceTree = "<group>";
		};
		D3C17B391905AE8700385C0E /* Products */ = {
			isa = PBXGroup;
			children = (
				D3C17B381905AE8700385C0E /* Grocery Dude.app */,
				D3C17B591905AE8700385C0E /* Grocery DudeTests.xctest */,
			);
			name = Products;
			sourceTree = "<group>";
		};
		D3C17B3A1905AE8700385C0E /* Frameworks */ = {
			isa = PBXGroup;
			children = (
				D3C17B701905B0DE00385C0E /* CoreData.framework */,
				D3C17B3B1905AE8700385C0E /* Foundation.framework */,
				D3C17B3D1905AE8700385C0E /* CoreGraphics.framework */,
				D3C17B3F1905AE8700385C0E /* UIKit.framework */,
				D3C17B5A1905AE8700385C0E /* XCTest.framework */,
			);
			name = Frameworks;
			sourceTree = "<group>";
		};
		D3C17B411905AE8700385C0E /* Grocery Dude */ = {
			isa = PBXGroup;
			children = (
				D3F4028C1908504700EF9879 /* Grocery Dude Table View Controllers */,
				D3F402481907E94700EF9879 /* Old Model */,
				D3F402371906F8B600EF9879 /* Grocery Dude View Controllers */,
				D3F40226190692F400EF9879 /* Data Model */,
				D3C17B721905B11B00385C0E /* Generic Core Data Class */,
				D3C17B4A1905AE8700385C0E /* FMAppDelegate.h */,
				D3C17B4B1905AE8700385C0E /* FMAppDelegate.m */,
				D3C17B4D1905AE8700385C0E /* Main.storyboard */,
				D3C17B501905AE8700385C0E /* FMViewController.h */,
				D3C17B511905AE8700385C0E /* FMViewController.m */,
				D3C17B531905AE8700385C0E /* Images.xcassets */,
				D3C17B421905AE8700385C0E /* Supporting Files */,
			);
			path = "Grocery Dude";
			sourceTree = "<group>";
		};
		D3C17B421905AE8700385C0E /* Supporting Files */ = {
			isa = PBXGroup;
			children = (
				D3C17B431905AE8700385C0E /* Grocery Dude-Info.plist */,
				D3C17B441905AE8700385C0E /* InfoPlist.strings */,
				D3C17B471905AE8700385C0E /* main.m */,
				D3C17B491905AE8700385C0E /* Grocery Dude-Prefix.pch */,
			);
			name = "Supporting Files";
			sourceTree = "<group>";
		};
		D3C17B601905AE8700385C0E /* Grocery DudeTests */ = {
			isa = PBXGroup;
			children = (
				D3C17B661905AE8700385C0E /* Grocery_DudeTests.m */,
				D3C17B611905AE8700385C0E /* Supporting Files */,
			);
			path = "Grocery DudeTests";
			sourceTree = "<group>";
		};
		D3C17B611905AE8700385C0E /* Supporting Files */ = {
			isa = PBXGroup;
			children = (
				D3C17B621905AE8700385C0E /* Grocery DudeTests-Info.plist */,
				D3C17B631905AE8700385C0E /* InfoPlist.strings */,
			);
			name = "Supporting Files";
			sourceTree = "<group>";
		};
		D3C17B721905B11B00385C0E /* Generic Core Data Class */ = {
			isa = PBXGroup;
			children = (
				D3C17B731905B17200385C0E /* CoreDataHelper.h */,
				D3C17B741905B17200385C0E /* CoreDataHelper.m */,
				D3F4028919083D2600EF9879 /* CoreDataTableViewController.h */,
				D3F4028A19083D2600EF9879 /* CoreDataTableViewController.m */,
			);
			name = "Generic Core Data Class";
			sourceTree = "<group>";
		};
		D3F40226190692F400EF9879 /* Data Model */ = {
			isa = PBXGroup;
			children = (
				D3F402271906932300EF9879 /* Model.xcdatamodeld */,
				D3F4028319083A3C00EF9879 /* Location.h */,
				D3F4028419083A3C00EF9879 /* Location.m */,
				D3F4028019083A3C00EF9879 /* LocationAtShop.h */,
				D3F4028119083A3C00EF9879 /* LocationAtShop.m */,
				D3F4027D19083A3C00EF9879 /* LocationAtHome.h */,
				D3F4027E19083A3C00EF9879 /* LocationAtHome.m */,
				D3F4027A19083A3C00EF9879 /* Unit.h */,
				D3F4027B19083A3C00EF9879 /* Unit.m */,
				D3F4027719083A3C00EF9879 /* Item.h */,
				D3F4027819083A3C00EF9879 /* Item.m */,
			);
			name = "Data Model";
			sourceTree = "<group>";
		};
		D3F402371906F8B600EF9879 /* Grocery Dude View Controllers */ = {
			isa = PBXGroup;
			children = (
				D3F402381906F90200EF9879 /* FMMigrationViewController.h */,
				D3F402391906F90200EF9879 /* FMMigrationViewController.m */,
			);
			name = "Grocery Dude View Controllers";
			sourceTree = "<group>";
		};
		D3F402481907E94700EF9879 /* Old Model */ = {
			isa = PBXGroup;
			children = (
				D3F402321906F40100EF9879 /* Amount.h */,
				D3F402331906F40100EF9879 /* Amount.m */,
				D3F4022E1906EF2500EF9879 /* Measurement.h */,
				D3F4022F1906EF2500EF9879 /* Measurement.m */,
				D3F402351906F49900EF9879 /* Model2toModel3.xcmappingmodel */,
				D3F4023F1907098C00EF9879 /* Model3toModel4.xcmappingmodel */,
			);
			name = "Old Model";
			sourceTree = "<group>";
		};
		D3F4028C1908504700EF9879 /* Grocery Dude Table View Controllers */ = {
			isa = PBXGroup;
			children = (
				D3F4028D190850BC00EF9879 /* FMPrepareTableViewController.h */,
				D3F4028E190850BC00EF9879 /* FMPrepareTableViewController.m */,
			);
			name = "Grocery Dude Table View Controllers";
			sourceTree = "<group>";
		};
/* End PBXGroup section */

/* Begin PBXNativeTarget section */
		D3C17B371905AE8700385C0E /* Grocery Dude */ = {
			isa = PBXNativeTarget;
			buildConfigurationList = D3C17B6A1905AE8700385C0E /* Build configuration list for PBXNativeTarget "Grocery Dude" */;
			buildPhases = (
				D3C17B341905AE8700385C0E /* Sources */,
				D3C17B351905AE8700385C0E /* Frameworks */,
				D3C17B361905AE8700385C0E /* Resources */,
			);
			buildRules = (
			);
			dependencies = (
			);
			name = "Grocery Dude";
			productName = "Grocery Dude";
			productReference = D3C17B381905AE8700385C0E /* Grocery Dude.app */;
			productType = "com.apple.product-type.application";
		};
		D3C17B581905AE8700385C0E /* Grocery DudeTests */ = {
			isa = PBXNativeTarget;
			buildConfigurationList = D3C17B6D1905AE8700385C0E /* Build configuration list for PBXNativeTarget "Grocery DudeTests" */;
			buildPhases = (
				D3C17B551905AE8700385C0E /* Sources */,
				D3C17B561905AE8700385C0E /* Frameworks */,
				D3C17B571905AE8700385C0E /* Resources */,
			);
			buildRules = (
			);
			dependencies = (
				D3C17B5F1905AE8700385C0E /* PBXTargetDependency */,
			);
			name = "Grocery DudeTests";
			productName = "Grocery DudeTests";
			productReference = D3C17B591905AE8700385C0E /* Grocery DudeTests.xctest */;
			productType = "com.apple.product-type.bundle.unit-test";
		};
/* End PBXNativeTarget section */

/* Begin PBXProject section */
		D3C17B301905AE8700385C0E /* Project object */ = {
			isa = PBXProject;
			attributes = {
				CLASSPREFIX = FM;
				LastUpgradeCheck = 0510;
				ORGANIZATIONNAME = "Fredrick Myers";
				TargetAttributes = {
					D3C17B581905AE8700385C0E = {
						TestTargetID = D3C17B371905AE8700385C0E;
					};
				};
			};
			buildConfigurationList = D3C17B331905AE8700385C0E /* Build configuration list for PBXProject "Grocery Dude" */;
			compatibilityVersion = "Xcode 3.2";
			developmentRegion = English;
			hasScannedForEncodings = 0;
			knownRegions = (
				en,
				Base,
			);
			mainGroup = D3C17B2F1905AE8700385C0E;
			productRefGroup = D3C17B391905AE8700385C0E /* Products */;
			projectDirPath = "";
			projectRoot = "";
			targets = (
				D3C17B371905AE8700385C0E /* Grocery Dude */,
				D3C17B581905AE8700385C0E /* Grocery DudeTests */,
			);
		};
/* End PBXProject section */

/* Begin PBXResourcesBuildPhase section */
		D3C17B361905AE8700385C0E /* Resources */ = {
			isa = PBXResourcesBuildPhase;
			buildActionMask = 2147483647;
			files = (
				D3C17B541905AE8700385C0E /* Images.xcassets in Resources */,
				D3C17B461905AE8700385C0E /* InfoPlist.strings in Resources */,
				D3C17B4F1905AE8700385C0E /* Main.storyboard in Resources */,
			);
			runOnlyForDeploymentPostprocessing = 0;
		};
		D3C17B571905AE8700385C0E /* Resources */ = {
			isa = PBXResourcesBuildPhase;
			buildActionMask = 2147483647;
			files = (
				D3C17B651905AE8700385C0E /* InfoPlist.strings in Resources */,
			);
			runOnlyForDeploymentPostprocessing = 0;
		};
/* End PBXResourcesBuildPhase section */

/* Begin PBXSourcesBuildPhase section */
		D3C17B341905AE8700385C0E /* Sources */ = {
			isa = PBXSourcesBuildPhase;
			buildActionMask = 2147483647;
			files = (
				D3F4027C19083A3C00EF9879 /* Unit.m in Sources */,
				D3F4028519083A3C00EF9879 /* Location.m in Sources */,
				D3F4028B19083D2600EF9879 /* CoreDataTableViewController.m in Sources */,
				D3F4027919083A3C00EF9879 /* Item.m in Sources */,
				D3C17B481905AE8700385C0E /* main.m in Sources */,
				D3C17B4C1905AE8700385C0E /* FMAppDelegate.m in Sources */,
				D3F4028219083A3C00EF9879 /* LocationAtShop.m in Sources */,
				D3F4027F19083A3C00EF9879 /* LocationAtHome.m in Sources */,
				D3F402291906932300EF9879 /* Model.xcdatamodeld in Sources */,
				D3C17B751905B17200385C0E /* CoreDataHelper.m in Sources */,
				D3F402361906F49900EF9879 /* Model2toModel3.xcmappingmodel in Sources */,
				D3F4023A1906F90200EF9879 /* FMMigrationViewController.m in Sources */,
				D3F4028F190850BC00EF9879 /* FMPrepareTableViewController.m in Sources */,
				D3F402301906EF2500EF9879 /* Measurement.m in Sources */,
				D3C17B521905AE8700385C0E /* FMViewController.m in Sources */,
				D3F402341906F40100EF9879 /* Amount.m in Sources */,
				D3F402401907098C00EF9879 /* Model3toModel4.xcmappingmodel in Sources */,
			);
			runOnlyForDeploymentPostprocessing = 0;
		};
		D3C17B551905AE8700385C0E /* Sources */ = {
			isa = PBXSourcesBuildPhase;
			buildActionMask = 2147483647;
			files = (
				D3C17B671905AE8700385C0E /* Grocery_DudeTests.m in Sources */,
			);
			runOnlyForDeploymentPostprocessing = 0;
		};
/* End PBXSourcesBuildPhase section */

/* Begin PBXTargetDependency section */
		D3C17B5F1905AE8700385C0E /* PBXTargetDependency */ = {
			isa = PBXTargetDependency;
			target = D3C17B371905AE8700385C0E /* Grocery Dude */;
			targetProxy = D3C17B5E1905AE8700385C0E /* PBXContainerItemProxy */;
		};
/* End PBXTargetDependency section */

/* Begin PBXVariantGroup section */
		D3C17B441905AE8700385C0E /* InfoPlist.strings */ = {
			isa = PBXVariantGroup;
			children = (
				D3C17B451905AE8700385C0E /* en */,
			);
			name = InfoPlist.strings;
			sourceTree = "<group>";
		};
		D3C17B4D1905AE8700385C0E /* Main.storyboard */ = {
			isa = PBXVariantGroup;
			children = (
				D3C17B4E1905AE8700385C0E /* Base */,
			);
			name = Main.storyboard;
			sourceTree = "<group>";
		};
		D3C17B631905AE8700385C0E /* InfoPlist.strings */ = {
			isa = PBXVariantGroup;
			children = (
				D3C17B641905AE8700385C0E /* en */,
			);
			name = InfoPlist.strings;
			sourceTree = "<group>";
		};
/* End PBXVariantGroup section */

/* Begin XCBuildConfiguration section */
		D3C17B681905AE8700385C0E /* Debug */ = {
			isa = XCBuildConfiguration;
			buildSettings = {
				ALWAYS_SEARCH_USER_PATHS = NO;
				CLANG_CXX_LANGUAGE_STANDARD = "gnu++0x";
				CLANG_CXX_LIBRARY = "libc++";
				CLANG_ENABLE_MODULES = YES;
				CLANG_ENABLE_OBJC_ARC = YES;
				CLANG_WARN_BOOL_CONVERSION = YES;
				CLANG_WARN_CONSTANT_CONVERSION = YES;
				CLANG_WARN_DIRECT_OBJC_ISA_USAGE = YES_ERROR;
				CLANG_WARN_EMPTY_BODY = YES;
				CLANG_WARN_ENUM_CONVERSION = YES;
				CLANG_WARN_INT_CONVERSION = YES;
				CLANG_WARN_OBJC_ROOT_CLASS = YES_ERROR;
				CLANG_WARN__DUPLICATE_METHOD_MATCH = YES;
				"CODE_SIGN_IDENTITY[sdk=iphoneos*]" = "iPhone Developer";
				COPY_PHASE_STRIP = NO;
				GCC_C_LANGUAGE_STANDARD = gnu99;
				GCC_DYNAMIC_NO_PIC = NO;
				GCC_OPTIMIZATION_LEVEL = 0;
				GCC_PREPROCESSOR_DEFINITIONS = (
					"DEBUG=1",
					"$(inherited)",
				);
				GCC_SYMBOLS_PRIVATE_EXTERN = NO;
				GCC_WARN_64_TO_32_BIT_CONVERSION = YES;
				GCC_WARN_ABOUT_RETURN_TYPE = YES_ERROR;
				GCC_WARN_UNDECLARED_SELECTOR = YES;
				GCC_WARN_UNINITIALIZED_AUTOS = YES_AGGRESSIVE;
				GCC_WARN_UNUSED_FUNCTION = YES;
				GCC_WARN_UNUSED_VARIABLE = YES;
				IPHONEOS_DEPLOYMENT_TARGET = 7.1;
				ONLY_ACTIVE_ARCH = YES;
				SDKROOT = iphoneos;
			};
			name = Debug;
		};
		D3C17B691905AE8700385C0E /* Release */ = {
			isa = XCBuildConfiguration;
			buildSettings = {
				ALWAYS_SEARCH_USER_PATHS = NO;
				CLANG_CXX_LANGUAGE_STANDARD = "gnu++0x";
				CLANG_CXX_LIBRARY = "libc++";
				CLANG_ENABLE_MODULES = YES;
				CLANG_ENABLE_OBJC_ARC = YES;
				CLANG_WARN_BOOL_CONVERSION = YES;
				CLANG_WARN_CONSTANT_CONVERSION = YES;
				CLANG_WARN_DIRECT_OBJC_ISA_USAGE = YES_ERROR;
				CLANG_WARN_EMPTY_BODY = YES;
				CLANG_WARN_ENUM_CONVERSION = YES;
				CLANG_WARN_INT_CONVERSION = YES;
				CLANG_WARN_OBJC_ROOT_CLASS = YES_ERROR;
				CLANG_WARN__DUPLICATE_METHOD_MATCH = YES;
				"CODE_SIGN_IDENTITY[sdk=iphoneos*]" = "iPhone Developer";
				COPY_PHASE_STRIP = YES;
				ENABLE_NS_ASSERTIONS = NO;
				GCC_C_LANGUAGE_STANDARD = gnu99;
				GCC_WARN_64_TO_32_BIT_CONVERSION = YES;
				GCC_WARN_ABOUT_RETURN_TYPE = YES_ERROR;
				GCC_WARN_UNDECLARED_SELECTOR = YES;
				GCC_WARN_UNINITIALIZED_AUTOS = YES_AGGRESSIVE;
				GCC_WARN_UNUSED_FUNCTION = YES;
				GCC_WARN_UNUSED_VARIABLE = YES;
				IPHONEOS_DEPLOYMENT_TARGET = 7.1;
				SDKROOT = iphoneos;
				VALIDATE_PRODUCT = YES;
			};
			name = Release;
		};
		D3C17B6B1905AE8700385C0E /* Debug */ = {
			isa = XCBuildConfiguration;
			buildSettings = {
				ASSETCATALOG_COMPILER_APPICON_NAME = AppIcon;
				ASSETCATALOG_COMPILER_LAUNCHIMAGE_NAME = LaunchImage;
				GCC_PRECOMPILE_PREFIX_HEADER = YES;
				GCC_PREFIX_HEADER = "Grocery Dude/Grocery Dude-Prefix.pch";
				INFOPLIST_FILE = "Grocery Dude/Grocery Dude-Info.plist";
				PRODUCT_NAME = "$(TARGET_NAME)";
				WRAPPER_EXTENSION = app;
			};
			name = Debug;
		};
		D3C17B6C1905AE8700385C0E /* Release */ = {
			isa = XCBuildConfiguration;
			buildSettings = {
				ASSETCATALOG_COMPILER_APPICON_NAME = AppIcon;
				ASSETCATALOG_COMPILER_LAUNCHIMAGE_NAME = LaunchImage;
				GCC_PRECOMPILE_PREFIX_HEADER = YES;
				GCC_PREFIX_HEADER = "Grocery Dude/Grocery Dude-Prefix.pch";
				INFOPLIST_FILE = "Grocery Dude/Grocery Dude-Info.plist";
				PRODUCT_NAME = "$(TARGET_NAME)";
				WRAPPER_EXTENSION = app;
			};
			name = Release;
		};
		D3C17B6E1905AE8700385C0E /* Debug */ = {
			isa = XCBuildConfiguration;
			buildSettings = {
				BUNDLE_LOADER = "$(BUILT_PRODUCTS_DIR)/Grocery Dude.app/Grocery Dude";
				FRAMEWORK_SEARCH_PATHS = (
					"$(SDKROOT)/Developer/Library/Frameworks",
					"$(inherited)",
					"$(DEVELOPER_FRAMEWORKS_DIR)",
				);
				GCC_PRECOMPILE_PREFIX_HEADER = YES;
				GCC_PREFIX_HEADER = "Grocery Dude/Grocery Dude-Prefix.pch";
				GCC_PREPROCESSOR_DEFINITIONS = (
					"DEBUG=1",
					"$(inherited)",
				);
				INFOPLIST_FILE = "Grocery DudeTests/Grocery DudeTests-Info.plist";
				PRODUCT_NAME = "$(TARGET_NAME)";
				TEST_HOST = "$(BUNDLE_LOADER)";
				WRAPPER_EXTENSION = xctest;
			};
			name = Debug;
		};
		D3C17B6F1905AE8700385C0E /* Release */ = {
			isa = XCBuildConfiguration;
			buildSettings = {
				BUNDLE_LOADER = "$(BUILT_PRODUCTS_DIR)/Grocery Dude.app/Grocery Dude";
				FRAMEWORK_SEARCH_PATHS = (
					"$(SDKROOT)/Developer/Library/Frameworks",
					"$(inherited)",
					"$(DEVELOPER_FRAMEWORKS_DIR)",
				);
				GCC_PRECOMPILE_PREFIX_HEADER = YES;
				GCC_PREFIX_HEADER = "Grocery Dude/Grocery Dude-Prefix.pch";
				INFOPLIST_FILE = "Grocery DudeTests/Grocery DudeTests-Info.plist";
				PRODUCT_NAME = "$(TARGET_NAME)";
				TEST_HOST = "$(BUNDLE_LOADER)";
				WRAPPER_EXTENSION = xctest;
			};
			name = Release;
		};
/* End XCBuildConfiguration section */

/* Begin XCConfigurationList section */
		D3C17B331905AE8700385C0E /* Build configuration list for PBXProject "Grocery Dude" */ = {
			isa = XCConfigurationList;
			buildConfigurations = (
				D3C17B681905AE8700385C0E /* Debug */,
				D3C17B691905AE8700385C0E /* Release */,
			);
			defaultConfigurationIsVisible = 0;
			defaultConfigurationName = Release;
		};
		D3C17B6A1905AE8700385C0E /* Build configuration list for PBXNativeTarget "Grocery Dude" */ = {
			isa = XCConfigurationList;
			buildConfigurations = (
				D3C17B6B1905AE8700385C0E /* Debug */,
				D3C17B6C1905AE8700385C0E /* Release */,
			);
			defaultConfigurationIsVisible = 0;
			defaultConfigurationName = Release;
		};
		D3C17B6D1905AE8700385C0E /* Build configuration list for PBXNativeTarget "Grocery DudeTests" */ = {
			isa = XCConfigurationList;
			buildConfigurations = (
				D3C17B6E1905AE8700385C0E /* Debug */,
				D3C17B6F1905AE8700385C0E /* Release */,
			);
			defaultConfigurationIsVisible = 0;
			defaultConfigurationName = Release;
		};
/* End XCConfigurationList section */

/* Begin XCVersionGroup section */
		D3F402271906932300EF9879 /* Model.xcdatamodeld */ = {
			isa = XCVersionGroup;
			children = (
				D3F4022D1906ECE900EF9879 /* Model 2.xcdatamodel */,
				D3F402311906F3AC00EF9879 /* Model 3.xcdatamodel */,
				D3F4023B190708DE00EF9879 /* Model 4.xcdatamodel */,
				D3F402411907E66E00EF9879 /* Model 5.xcdatamodel */,
				D3F40249190836BA00EF9879 /* Model 6.xcdatamodel */,
				D3F402281906932300EF9879 /* Model.xcdatamodel */,
			);
			currentVersion = D3F40249190836BA00EF9879 /* Model 6.xcdatamodel */;
			path = Model.xcdatamodeld;
			sourceTree = "<group>";
			versionGroupType = wrapper.xcdatamodel;
		};
/* End XCVersionGroup section */
	};
	rootObject = D3C17B301905AE8700385C0E /* Project object */;
}
